// !$*UTF8*$!
{
	archiveVersion = 1;
	classes = {
	};
	objectVersion = 46;
	objects = {

/* Begin PBXBuildFile section */
		EB101E481C218F62001886B1 /* Level.cpp in Sources */ = {isa = PBXBuildFile; fileRef = EB101E461C218F62001886B1 /* Level.cpp */; };
		EB3A5ACE1C1F58A8006F4AF6 /* Shader.cpp in Sources */ = {isa = PBXBuildFile; fileRef = EB3A5ACC1C1F58A8006F4AF6 /* Shader.cpp */; };
		EB3A5AD21C1F61F2006F4AF6 /* Vector3f.cpp in Sources */ = {isa = PBXBuildFile; fileRef = EB3A5AD01C1F61F2006F4AF6 /* Vector3f.cpp */; };
		EB3A5AD51C1F632F006F4AF6 /* Matrix4f.cpp in Sources */ = {isa = PBXBuildFile; fileRef = EB3A5AD31C1F632F006F4AF6 /* Matrix4f.cpp */; };
		EB44BAAE1C1F2E3C0029AF4C /* Input.cpp in Sources */ = {isa = PBXBuildFile; fileRef = EB44BAAC1C1F2E3C0029AF4C /* Input.cpp */; };
		EB52A9BB1C2C490400184838 /* Bird.cpp in Sources */ = {isa = PBXBuildFile; fileRef = EB52A9B91C2C490400184838 /* Bird.cpp */; };
		EB8A67791C28467F00D50064 /* Texture.cpp in Sources */ = {isa = PBXBuildFile; fileRef = EB8A67741C28467F00D50064 /* Texture.cpp */; };
		EB8A677A1C28467F00D50064 /* TextureUtils.c in Sources */ = {isa = PBXBuildFile; fileRef = EB8A67761C28467F00D50064 /* TextureUtils.c */; };
		EB8A677B1C284C4300D50064 /* res in CopyFiles */ = {isa = PBXBuildFile; fileRef = EB101E491C218F90001886B1 /* res */; };
		EB8D161A1C1F18CF00B02657 /* main.cpp in Sources */ = {isa = PBXBuildFile; fileRef = EB8D16191C1F18CF00B02657 /* main.cpp */; };
		EB8D16211C1F18F900B02657 /* OpenGL.framework in Frameworks */ = {isa = PBXBuildFile; fileRef = EB8D16201C1F18F900B02657 /* OpenGL.framework */; };
		EB8D16231C1F190700B02657 /* libglfw3.3.1.dylib in Frameworks */ = {isa = PBXBuildFile; fileRef = EB8D16221C1F190700B02657 /* libglfw3.3.1.dylib */; };
		EB8D16251C1F191500B02657 /* libGLEW.1.13.0.dylib in Frameworks */ = {isa = PBXBuildFile; fileRef = EB8D16241C1F191500B02657 /* libGLEW.1.13.0.dylib */; };
		EBDD43731C3A963C00120905 /* Pipe.cpp in Sources */ = {isa = PBXBuildFile; fileRef = EBDD43711C3A963C00120905 /* Pipe.cpp */; };
		EBEFC7BE1C2037D00019DC1F /* ShaderUtils.c in Sources */ = {isa = PBXBuildFile; fileRef = EBEFC7BC1C2037D00019DC1F /* ShaderUtils.c */; };
		EBEFC7C01C2057530019DC1F /* shaders in CopyFiles */ = {isa = PBXBuildFile; fileRef = EBEFC7BF1C2056540019DC1F /* shaders */; };
		EBEFC7C31C206A240019DC1F /* VertexArray.cpp in Sources */ = {isa = PBXBuildFile; fileRef = EBEFC7C11C206A240019DC1F /* VertexArray.cpp */; };
/* End PBXBuildFile section */

/* Begin PBXCopyFilesBuildPhase section */
		EB8D16141C1F18CF00B02657 /* CopyFiles */ = {
			isa = PBXCopyFilesBuildPhase;
			buildActionMask = 12;
			dstPath = "";
			dstSubfolderSpec = 16;
			files = (
				EB8A677B1C284C4300D50064 /* res in CopyFiles */,
				EBEFC7C01C2057530019DC1F /* shaders in CopyFiles */,
			);
			runOnlyForDeploymentPostprocessing = 0;
		};
/* End PBXCopyFilesBuildPhase section */

/* Begin PBXFileReference section */
		EB101E461C218F62001886B1 /* Level.cpp */ = {isa = PBXFileReference; fileEncoding = 4; lastKnownFileType = sourcecode.cpp.cpp; path = Level.cpp; sourceTree = "<group>"; };
		EB101E471C218F62001886B1 /* Level.hpp */ = {isa = PBXFileReference; fileEncoding = 4; lastKnownFileType = sourcecode.cpp.h; path = Level.hpp; sourceTree = "<group>"; };
		EB101E491C218F90001886B1 /* res */ = {isa = PBXFileReference; lastKnownFileType = folder; path = res; sourceTree = "<group>"; };
		EB3A5ACC1C1F58A8006F4AF6 /* Shader.cpp */ = {isa = PBXFileReference; fileEncoding = 4; lastKnownFileType = sourcecode.cpp.cpp; path = Shader.cpp; sourceTree = "<group>"; };
		EB3A5ACD1C1F58A8006F4AF6 /* Shader.hpp */ = {isa = PBXFileReference; fileEncoding = 4; lastKnownFileType = sourcecode.cpp.h; path = Shader.hpp; sourceTree = "<group>"; };
		EB3A5AD01C1F61F2006F4AF6 /* Vector3f.cpp */ = {isa = PBXFileReference; fileEncoding = 4; lastKnownFileType = sourcecode.cpp.cpp; path = Vector3f.cpp; sourceTree = "<group>"; };
		EB3A5AD11C1F61F2006F4AF6 /* Vector3f.hpp */ = {isa = PBXFileReference; fileEncoding = 4; lastKnownFileType = sourcecode.cpp.h; path = Vector3f.hpp; sourceTree = "<group>"; };
		EB3A5AD31C1F632F006F4AF6 /* Matrix4f.cpp */ = {isa = PBXFileReference; fileEncoding = 4; lastKnownFileType = sourcecode.cpp.cpp; path = Matrix4f.cpp; sourceTree = "<group>"; };
		EB3A5AD41C1F632F006F4AF6 /* Matrix4f.hpp */ = {isa = PBXFileReference; fileEncoding = 4; lastKnownFileType = sourcecode.cpp.h; path = Matrix4f.hpp; sourceTree = "<group>"; };
		EB44BAAC1C1F2E3C0029AF4C /* Input.cpp */ = {isa = PBXFileReference; fileEncoding = 4; lastKnownFileType = sourcecode.cpp.cpp; path = Input.cpp; sourceTree = "<group>"; };
		EB44BAAD1C1F2E3C0029AF4C /* Input.hpp */ = {isa = PBXFileReference; fileEncoding = 4; lastKnownFileType = sourcecode.cpp.h; path = Input.hpp; sourceTree = "<group>"; };
		EB52A9B91C2C490400184838 /* Bird.cpp */ = {isa = PBXFileReference; fileEncoding = 4; lastKnownFileType = sourcecode.cpp.cpp; path = Bird.cpp; sourceTree = "<group>"; };
		EB52A9BA1C2C490400184838 /* Bird.hpp */ = {isa = PBXFileReference; fileEncoding = 4; lastKnownFileType = sourcecode.cpp.h; path = Bird.hpp; sourceTree = "<group>"; };
		EB8A67741C28467F00D50064 /* Texture.cpp */ = {isa = PBXFileReference; fileEncoding = 4; lastKnownFileType = sourcecode.cpp.cpp; path = Texture.cpp; sourceTree = "<group>"; };
		EB8A67751C28467F00D50064 /* Texture.hpp */ = {isa = PBXFileReference; fileEncoding = 4; lastKnownFileType = sourcecode.cpp.h; path = Texture.hpp; sourceTree = "<group>"; };
		EB8A67761C28467F00D50064 /* TextureUtils.c */ = {isa = PBXFileReference; fileEncoding = 4; lastKnownFileType = sourcecode.c.c; path = TextureUtils.c; sourceTree = "<group>"; };
		EB8A67771C28467F00D50064 /* TextureUtils.h */ = {isa = PBXFileReference; fileEncoding = 4; lastKnownFileType = sourcecode.c.h; path = TextureUtils.h; sourceTree = "<group>"; };
		EB8D16161C1F18CF00B02657 /* CrappyBird */ = {isa = PBXFileReference; explicitFileType = "compiled.mach-o.executable"; includeInIndex = 0; path = CrappyBird; sourceTree = BUILT_PRODUCTS_DIR; };
		EB8D16191C1F18CF00B02657 /* main.cpp */ = {isa = PBXFileReference; lastKnownFileType = sourcecode.cpp.cpp; path = main.cpp; sourceTree = "<group>"; };
		EB8D16201C1F18F900B02657 /* OpenGL.framework */ = {isa = PBXFileReference; lastKnownFileType = wrapper.framework; name = OpenGL.framework; path = System/Library/Frameworks/OpenGL.framework; sourceTree = SDKROOT; };
		EB8D16221C1F190700B02657 /* libglfw3.3.1.dylib */ = {isa = PBXFileReference; lastKnownFileType = "compiled.mach-o.dylib"; name = libglfw3.3.1.dylib; path = /usr/local/Cellar/glfw3/3.1.2/lib/libglfw3.3.1.dylib; sourceTree = "<absolute>"; };
		EB8D16241C1F191500B02657 /* libGLEW.1.13.0.dylib */ = {isa = PBXFileReference; lastKnownFileType = "compiled.mach-o.dylib"; name = libGLEW.1.13.0.dylib; path = /usr/local/Cellar/glew/1.13.0/lib/libGLEW.1.13.0.dylib; sourceTree = "<absolute>"; };
		EBDD43711C3A963C00120905 /* Pipe.cpp */ = {isa = PBXFileReference; fileEncoding = 4; lastKnownFileType = sourcecode.cpp.cpp; path = Pipe.cpp; sourceTree = "<group>"; };
		EBDD43721C3A963C00120905 /* Pipe.hpp */ = {isa = PBXFileReference; fileEncoding = 4; lastKnownFileType = sourcecode.cpp.h; path = Pipe.hpp; sourceTree = "<group>"; };
		EBDD43741C3A964900120905 /* IRenderable.hpp */ = {isa = PBXFileReference; fileEncoding = 4; lastKnownFileType = sourcecode.cpp.h; path = IRenderable.hpp; sourceTree = "<group>"; };
		EBDD43751C3A964F00120905 /* stb_image.h */ = {isa = PBXFileReference; fileEncoding = 4; lastKnownFileType = sourcecode.c.h; path = stb_image.h; sourceTree = "<group>"; };
		EBEFC7BC1C2037D00019DC1F /* ShaderUtils.c */ = {isa = PBXFileReference; fileEncoding = 4; lastKnownFileType = sourcecode.c.c; path = ShaderUtils.c; sourceTree = "<group>"; };
		EBEFC7BD1C2037D00019DC1F /* ShaderUtils.h */ = {isa = PBXFileReference; fileEncoding = 4; lastKnownFileType = sourcecode.c.h; path = ShaderUtils.h; sourceTree = "<group>"; };
		EBEFC7BF1C2056540019DC1F /* shaders */ = {isa = PBXFileReference; lastKnownFileType = folder; path = shaders; sourceTree = "<group>"; };
		EBEFC7C11C206A240019DC1F /* VertexArray.cpp */ = {isa = PBXFileReference; fileEncoding = 4; lastKnownFileType = sourcecode.cpp.cpp; path = VertexArray.cpp; sourceTree = "<group>"; };
		EBEFC7C21C206A240019DC1F /* VertexArray.hpp */ = {isa = PBXFileReference; fileEncoding = 4; lastKnownFileType = sourcecode.cpp.h; path = VertexArray.hpp; sourceTree = "<group>"; };
		EBEFC7CA1C207A080019DC1F /* gl_headers.h */ = {isa = PBXFileReference; lastKnownFileType = sourcecode.c.h; path = gl_headers.h; sourceTree = "<group>"; };
/* End PBXFileReference section */

/* Begin PBXFrameworksBuildPhase section */
		EB8D16131C1F18CF00B02657 /* Frameworks */ = {
			isa = PBXFrameworksBuildPhase;
			buildActionMask = 2147483647;
			files = (
				EB8D16211C1F18F900B02657 /* OpenGL.framework in Frameworks */,
				EB8D16251C1F191500B02657 /* libGLEW.1.13.0.dylib in Frameworks */,
				EB8D16231C1F190700B02657 /* libglfw3.3.1.dylib in Frameworks */,
			);
			runOnlyForDeploymentPostprocessing = 0;
		};
/* End PBXFrameworksBuildPhase section */

/* Begin PBXGroup section */
		EB101E451C218F4D001886B1 /* Game */ = {
			isa = PBXGroup;
			children = (
				EBDD43711C3A963C00120905 /* Pipe.cpp */,
				EBDD43721C3A963C00120905 /* Pipe.hpp */,
				EB101E461C218F62001886B1 /* Level.cpp */,
				EB101E471C218F62001886B1 /* Level.hpp */,
				EB52A9B91C2C490400184838 /* Bird.cpp */,
				EB52A9BA1C2C490400184838 /* Bird.hpp */,
			);
			name = Game;
			sourceTree = "<group>";
		};
		EB3A5ACB1C1F588F006F4AF6 /* Graphics */ = {
			isa = PBXGroup;
			children = (
				EBDD43741C3A964900120905 /* IRenderable.hpp */,
				EB8A67741C28467F00D50064 /* Texture.cpp */,
				EB8A67751C28467F00D50064 /* Texture.hpp */,
				EB3A5ACC1C1F58A8006F4AF6 /* Shader.cpp */,
				EB3A5ACD1C1F58A8006F4AF6 /* Shader.hpp */,
				EBEFC7C11C206A240019DC1F /* VertexArray.cpp */,
				EBEFC7C21C206A240019DC1F /* VertexArray.hpp */,
				EBEFC7CA1C207A080019DC1F /* gl_headers.h */,
			);
			name = Graphics;
			sourceTree = "<group>";
		};
		EB3A5ACF1C1F61E0006F4AF6 /* Maths */ = {
			isa = PBXGroup;
			children = (
				EB3A5AD01C1F61F2006F4AF6 /* Vector3f.cpp */,
				EB3A5AD11C1F61F2006F4AF6 /* Vector3f.hpp */,
				EB3A5AD31C1F632F006F4AF6 /* Matrix4f.cpp */,
				EB3A5AD41C1F632F006F4AF6 /* Matrix4f.hpp */,
			);
			name = Maths;
			sourceTree = "<group>";
		};
		EB44BAA81C1F2B880029AF4C /* Input */ = {
			isa = PBXGroup;
			children = (
				EB44BAAC1C1F2E3C0029AF4C /* Input.cpp */,
				EB44BAAD1C1F2E3C0029AF4C /* Input.hpp */,
			);
			name = Input;
			sourceTree = "<group>";
		};
		EB8D160D1C1F18CF00B02657 = {
			isa = PBXGroup;
			children = (
				EB8D16261C1F1BB400B02657 /* Frameworks */,
				EB8D16181C1F18CF00B02657 /* CrappyBird */,
				EB8D16171C1F18CF00B02657 /* Products */,
			);
			sourceTree = "<group>";
		};
		EB8D16171C1F18CF00B02657 /* Products */ = {
			isa = PBXGroup;
			children = (
				EB8D16161C1F18CF00B02657 /* CrappyBird */,
			);
			name = Products;
			sourceTree = "<group>";
		};
		EB8D16181C1F18CF00B02657 /* CrappyBird */ = {
			isa = PBXGroup;
			children = (
				EB101E491C218F90001886B1 /* res */,
				EBEFC7BF1C2056540019DC1F /* shaders */,
				EB8D16271C1F25AC00B02657 /* src */,
			);
			path = CrappyBird;
			sourceTree = "<group>";
		};
		EB8D16261C1F1BB400B02657 /* Frameworks */ = {
			isa = PBXGroup;
			children = (
				EB8D16241C1F191500B02657 /* libGLEW.1.13.0.dylib */,
				EB8D16221C1F190700B02657 /* libglfw3.3.1.dylib */,
				EB8D16201C1F18F900B02657 /* OpenGL.framework */,
			);
			name = Frameworks;
			sourceTree = "<group>";
		};
		EB8D16271C1F25AC00B02657 /* src */ = {
			isa = PBXGroup;
			children = (
				EB101E451C218F4D001886B1 /* Game */,
				EBEFC7B91C2036C50019DC1F /* Utils */,
				EB3A5ACF1C1F61E0006F4AF6 /* Maths */,
				EB3A5ACB1C1F588F006F4AF6 /* Graphics */,
				EB44BAA81C1F2B880029AF4C /* Input */,
				EB8D16191C1F18CF00B02657 /* main.cpp */,
			);
			path = src;
			sourceTree = "<group>";
		};
		EBEFC7B91C2036C50019DC1F /* Utils */ = {
			isa = PBXGroup;
			children = (
				EBDD43751C3A964F00120905 /* stb_image.h */,
				EB8A67761C28467F00D50064 /* TextureUtils.c */,
				EB8A67771C28467F00D50064 /* TextureUtils.h */,
				EBEFC7BC1C2037D00019DC1F /* ShaderUtils.c */,
				EBEFC7BD1C2037D00019DC1F /* ShaderUtils.h */,
			);
			name = Utils;
			sourceTree = "<group>";
		};
/* End PBXGroup section */

/* Begin PBXNativeTarget section */
		EB8D16151C1F18CF00B02657 /* CrappyBird */ = {
			isa = PBXNativeTarget;
			buildConfigurationList = EB8D161D1C1F18CF00B02657 /* Build configuration list for PBXNativeTarget "CrappyBird" */;
			buildPhases = (
				EB8D16121C1F18CF00B02657 /* Sources */,
				EB8D16131C1F18CF00B02657 /* Frameworks */,
				EB8D16141C1F18CF00B02657 /* CopyFiles */,
			);
			buildRules = (
			);
			dependencies = (
			);
			name = CrappyBird;
			productName = CrappyBird;
			productReference = EB8D16161C1F18CF00B02657 /* CrappyBird */;
			productType = "com.apple.product-type.tool";
		};
/* End PBXNativeTarget section */

/* Begin PBXProject section */
		EB8D160E1C1F18CF00B02657 /* Project object */ = {
			isa = PBXProject;
			attributes = {
				LastUpgradeCheck = 0720;
				ORGANIZATIONNAME = "Dean Becker";
				TargetAttributes = {
					EB8D16151C1F18CF00B02657 = {
						CreatedOnToolsVersion = 7.2;
					};
				};
			};
			buildConfigurationList = EB8D16111C1F18CF00B02657 /* Build configuration list for PBXProject "CrappyBird" */;
			compatibilityVersion = "Xcode 3.2";
			developmentRegion = English;
			hasScannedForEncodings = 0;
			knownRegions = (
				en,
			);
			mainGroup = EB8D160D1C1F18CF00B02657;
			productRefGroup = EB8D16171C1F18CF00B02657 /* Products */;
			projectDirPath = "";
			projectRoot = "";
			targets = (
				EB8D16151C1F18CF00B02657 /* CrappyBird */,
			);
		};
/* End PBXProject section */

/* Begin PBXSourcesBuildPhase section */
		EB8D16121C1F18CF00B02657 /* Sources */ = {
			isa = PBXSourcesBuildPhase;
			buildActionMask = 2147483647;
			files = (
				EBEFC7BE1C2037D00019DC1F /* ShaderUtils.c in Sources */,
				EB44BAAE1C1F2E3C0029AF4C /* Input.cpp in Sources */,
				EB101E481C218F62001886B1 /* Level.cpp in Sources */,
				EBDD43731C3A963C00120905 /* Pipe.cpp in Sources */,
				EBEFC7C31C206A240019DC1F /* VertexArray.cpp in Sources */,
				EB8A67791C28467F00D50064 /* Texture.cpp in Sources */,
				EB3A5AD21C1F61F2006F4AF6 /* Vector3f.cpp in Sources */,
				EB52A9BB1C2C490400184838 /* Bird.cpp in Sources */,
				EB3A5AD51C1F632F006F4AF6 /* Matrix4f.cpp in Sources */,
				EB8A677A1C28467F00D50064 /* TextureUtils.c in Sources */,
				EB3A5ACE1C1F58A8006F4AF6 /* Shader.cpp in Sources */,
				EB8D161A1C1F18CF00B02657 /* main.cpp in Sources */,
			);
			runOnlyForDeploymentPostprocessing = 0;
		};
/* End PBXSourcesBuildPhase section */

/* Begin XCBuildConfiguration section */
		EB8D161B1C1F18CF00B02657 /* Debug */ = {
			isa = XCBuildConfiguration;
			buildSettings = {
				ALWAYS_SEARCH_USER_PATHS = NO;
				CLANG_CXX_LANGUAGE_STANDARD = "gnu++0x";
				CLANG_CXX_LIBRARY = "libc++";
				CLANG_ENABLE_MODULES = YES;
				CLANG_ENABLE_OBJC_ARC = YES;
				CLANG_WARN_BOOL_CONVERSION = YES;
				CLANG_WARN_CONSTANT_CONVERSION = YES;
				CLANG_WARN_DIRECT_OBJC_ISA_USAGE = YES_ERROR;
				CLANG_WARN_EMPTY_BODY = YES;
				CLANG_WARN_ENUM_CONVERSION = YES;
				CLANG_WARN_INT_CONVERSION = YES;
				CLANG_WARN_OBJC_ROOT_CLASS = YES_ERROR;
				CLANG_WARN_UNREACHABLE_CODE = YES;
				CLANG_WARN__DUPLICATE_METHOD_MATCH = YES;
				CODE_SIGN_IDENTITY = "-";
				COPY_PHASE_STRIP = NO;
				DEBUG_INFORMATION_FORMAT = dwarf;
				ENABLE_STRICT_OBJC_MSGSEND = YES;
				ENABLE_TESTABILITY = YES;
				GCC_C_LANGUAGE_STANDARD = gnu99;
				GCC_DYNAMIC_NO_PIC = NO;
				GCC_NO_COMMON_BLOCKS = YES;
				GCC_OPTIMIZATION_LEVEL = 0;
				GCC_PREPROCESSOR_DEFINITIONS = (
					"DEBUG=1",
					"$(inherited)",
				);
				GCC_WARN_64_TO_32_BIT_CONVERSION = YES;
				GCC_WARN_ABOUT_RETURN_TYPE = YES_ERROR;
				GCC_WARN_UNDECLARED_SELECTOR = YES;
				GCC_WARN_UNINITIALIZED_AUTOS = YES_AGGRESSIVE;
				GCC_WARN_UNUSED_FUNCTION = YES;
				GCC_WARN_UNUSED_VARIABLE = YES;
				MACOSX_DEPLOYMENT_TARGET = 10.11;
				MTL_ENABLE_DEBUG_INFO = YES;
				ONLY_ACTIVE_ARCH = YES;
				SDKROOT = macosx;
			};
			name = Debug;
		};
		EB8D161C1C1F18CF00B02657 /* Release */ = {
			isa = XCBuildConfiguration;
			buildSettings = {
				ALWAYS_SEARCH_USER_PATHS = NO;
				CLANG_CXX_LANGUAGE_STANDARD = "gnu++0x";
				CLANG_CXX_LIBRARY = "libc++";
				CLANG_ENABLE_MODULES = YES;
				CLANG_ENABLE_OBJC_ARC = YES;
				CLANG_WARN_BOOL_CONVERSION = YES;
				CLANG_WARN_CONSTANT_CONVERSION = YES;
				CLANG_WARN_DIRECT_OBJC_ISA_USAGE = YES_ERROR;
				CLANG_WARN_EMPTY_BODY = YES;
				CLANG_WARN_ENUM_CONVERSION = YES;
				CLANG_WARN_INT_CONVERSION = YES;
				CLANG_WARN_OBJC_ROOT_CLASS = YES_ERROR;
				CLANG_WARN_UNREACHABLE_CODE = YES;
				CLANG_WARN__DUPLICATE_METHOD_MATCH = YES;
				CODE_SIGN_IDENTITY = "-";
				COPY_PHASE_STRIP = NO;
				DEBUG_INFORMATION_FORMAT = "dwarf-with-dsym";
				ENABLE_NS_ASSERTIONS = NO;
				ENABLE_STRICT_OBJC_MSGSEND = YES;
				GCC_C_LANGUAGE_STANDARD = gnu99;
				GCC_NO_COMMON_BLOCKS = YES;
				GCC_WARN_64_TO_32_BIT_CONVERSION = YES;
				GCC_WARN_ABOUT_RETURN_TYPE = YES_ERROR;
				GCC_WARN_UNDECLARED_SELECTOR = YES;
				GCC_WARN_UNINITIALIZED_AUTOS = YES_AGGRESSIVE;
				GCC_WARN_UNUSED_FUNCTION = YES;
				GCC_WARN_UNUSED_VARIABLE = YES;
				MACOSX_DEPLOYMENT_TARGET = 10.11;
				MTL_ENABLE_DEBUG_INFO = NO;
				SDKROOT = macosx;
			};
			name = Release;
		};
		EB8D161E1C1F18CF00B02657 /* Debug */ = {
			isa = XCBuildConfiguration;
			buildSettings = {
				ALWAYS_SEARCH_USER_PATHS = YES;
				HEADER_SEARCH_PATHS = "/usr/local/include/**";
				LIBRARY_SEARCH_PATHS = (
					"$(inherited)",
					/usr/local/Cellar/glfw3/3.1.2/lib,
					/usr/local/Cellar/glew/1.13.0/lib,
				);
				PRODUCT_NAME = "$(TARGET_NAME)";
			};
			name = Debug;
		};
		EB8D161F1C1F18CF00B02657 /* Release */ = {
			isa = XCBuildConfiguration;
			buildSettings = {
				ALWAYS_SEARCH_USER_PATHS = YES;
				HEADER_SEARCH_PATHS = "/usr/local/include/**";
				LIBRARY_SEARCH_PATHS = (
					"$(inherited)",
					/usr/local/Cellar/glfw3/3.1.2/lib,
					/usr/local/Cellar/glew/1.13.0/lib,
				);
				PRODUCT_NAME = "$(TARGET_NAME)";
			};
			name = Release;
		};
/* End XCBuildConfiguration section */

/* Begin XCConfigurationList section */
		EB8D16111C1F18CF00B02657 /* Build configuration list for PBXProject "CrappyBird" */ = {
			isa = XCConfigurationList;
			buildConfigurations = (
				EB8D161B1C1F18CF00B02657 /* Debug */,
				EB8D161C1C1F18CF00B02657 /* Release */,
			);
			defaultConfigurationIsVisible = 0;
			defaultConfigurationName = Release;
		};
		EB8D161D1C1F18CF00B02657 /* Build configuration list for PBXNativeTarget "CrappyBird" */ = {
			isa = XCConfigurationList;
			buildConfigurations = (
				EB8D161E1C1F18CF00B02657 /* Debug */,
				EB8D161F1C1F18CF00B02657 /* Release */,
			);
			defaultConfigurationIsVisible = 0;
			defaultConfigurationName = Release;
		};
/* End XCConfigurationList section */
	};
	rootObject = EB8D160E1C1F18CF00B02657 /* Project object */;
}
